
Microsoft Visual Studio Solution File, Format Version 12.00
# Visual Studio 2013
VisualStudioVersion = 12.0.21005.1
MinimumVisualStudioVersion = 10.0.40219.1
Project("{FAE04EC0-301F-11D3-BF4B-00C04F79EFBC}") = "BuyGroup365", "BuyGroup365\BuyGroup365.csproj", "{9099EBE2-502A-448A-BC7E-5B1B5E587342}"
EndProject
Project("{FAE04EC0-301F-11D3-BF4B-00C04F79EFBC}") = "BuyGroup365.Tests", "BuyGroup365.Tests\BuyGroup365.Tests.csproj", "{714A8295-50A5-4684-924B-E24E515EB158}"
EndProject
Global
	GlobalSection(SolutionConfigurationPlatforms) = preSolution
		Debug|Any CPU = Debug|Any CPU
		Release|Any CPU = Release|Any CPU
	EndGlobalSection
	GlobalSection(ProjectConfigurationPlatforms) = postSolution
		{9099EBE2-502A-448A-BC7E-5B1B5E587342}.Debug|Any CPU.ActiveCfg = Debug|Any CPU
		{9099EBE2-502A-448A-BC7E-5B1B5E587342}.Debug|Any CPU.Build.0 = Debug|Any CPU
		{9099EBE2-502A-448A-BC7E-5B1B5E587342}.Release|Any CPU.ActiveCfg = Release|Any CPU
		{9099EBE2-502A-448A-BC7E-5B1B5E587342}.Release|Any CPU.Build.0 = Release|Any CPU
		{714A8295-50A5-4684-924B-E24E515EB158}.Debug|Any CPU.ActiveCfg = Debug|Any CPU
		{714A8295-50A5-4684-924B-E24E515EB158}.Debug|Any CPU.Build.0 = Debug|Any CPU
		{714A8295-50A5-4684-924B-E24E515EB158}.Release|Any CPU.ActiveCfg = Release|Any CPU
		{714A8295-50A5-4684-924B-E24E515EB158}.Release|Any CPU.Build.0 = Release|Any CPU
	EndGlobalSection
	GlobalSection(SolutionProperties) = preSolution
		HideSolutionNode = FALSE
	EndGlobalSection
EndGlobal
